// !$*UTF8*$!
{
	archiveVersion = 1;
	classes = {
	};
	objectVersion = 46;
	objects = {

/* Begin PBXBuildFile section */
		B2224D161D6D502B00EA3F5F /* JHB_HUDDiyManager.swift in Sources */ = {isa = PBXBuildFile; fileRef = B2224D101D6D502B00EA3F5F /* JHB_HUDDiyManager.swift */; };
		B2224D171D6D502B00EA3F5F /* JHB_HUDDiyProgressView.swift in Sources */ = {isa = PBXBuildFile; fileRef = B2224D111D6D502B00EA3F5F /* JHB_HUDDiyProgressView.swift */; };
		B2224D181D6D502B00EA3F5F /* JHB_HUDManager.swift in Sources */ = {isa = PBXBuildFile; fileRef = B2224D121D6D502B00EA3F5F /* JHB_HUDManager.swift */; };
		B2224D191D6D502B00EA3F5F /* JHB_HUDProgressView.swift in Sources */ = {isa = PBXBuildFile; fileRef = B2224D131D6D502B00EA3F5F /* JHB_HUDProgressView.swift */; };
		B2224D1A1D6D502B00EA3F5F /* JHB_HUDTopViewController.swift in Sources */ = {isa = PBXBuildFile; fileRef = B2224D141D6D502B00EA3F5F /* JHB_HUDTopViewController.swift */; };
		B2224D1B1D6D502B00EA3F5F /* JHB_HUDView.swift in Sources */ = {isa = PBXBuildFile; fileRef = B2224D151D6D502B00EA3F5F /* JHB_HUDView.swift */; };
		B2224D301D6D504F00EA3F5F /* dropdown_anim_loading1@2x.png in Resources */ = {isa = PBXBuildFile; fileRef = B2224D1D1D6D504F00EA3F5F /* dropdown_anim_loading1@2x.png */; };
		B2224D311D6D504F00EA3F5F /* dropdown_anim_loading2@2x.png in Resources */ = {isa = PBXBuildFile; fileRef = B2224D1E1D6D504F00EA3F5F /* dropdown_anim_loading2@2x.png */; };
		B2224D321D6D504F00EA3F5F /* dropdown_anim_loading3@2x.png in Resources */ = {isa = PBXBuildFile; fileRef = B2224D1F1D6D504F00EA3F5F /* dropdown_anim_loading3@2x.png */; };
		B2224D331D6D504F00EA3F5F /* dropdown_anim_loading4@2x.png in Resources */ = {isa = PBXBuildFile; fileRef = B2224D201D6D504F00EA3F5F /* dropdown_anim_loading4@2x.png */; };
		B2224D341D6D504F00EA3F5F /* dropdown_anim_loading5@2x.png in Resources */ = {isa = PBXBuildFile; fileRef = B2224D211D6D504F00EA3F5F /* dropdown_anim_loading5@2x.png */; };
		B2224D351D6D504F00EA3F5F /* dropdown_anim_loading6@2x.png in Resources */ = {isa = PBXBuildFile; fileRef = B2224D221D6D504F00EA3F5F /* dropdown_anim_loading6@2x.png */; };
		B2224D361D6D504F00EA3F5F /* dropdown_anim_loading7@2x.png in Resources */ = {isa = PBXBuildFile; fileRef = B2224D231D6D504F00EA3F5F /* dropdown_anim_loading7@2x.png */; };
		B2224D371D6D504F00EA3F5F /* dropdown_anim_loading8@2x.png in Resources */ = {isa = PBXBuildFile; fileRef = B2224D241D6D504F00EA3F5F /* dropdown_anim_loading8@2x.png */; };
		B2224D381D6D504F00EA3F5F /* TaiChi@2x.png in Resources */ = {isa = PBXBuildFile; fileRef = B2224D251D6D504F00EA3F5F /* TaiChi@2x.png */; };
		B2224D391D6D504F00EA3F5F /* ExampleAppDelegate.swift in Sources */ = {isa = PBXBuildFile; fileRef = B2224D271D6D504F00EA3F5F /* ExampleAppDelegate.swift */; };
		B2224D3A1D6D504F00EA3F5F /* ExampleMainController.swift in Sources */ = {isa = PBXBuildFile; fileRef = B2224D281D6D504F00EA3F5F /* ExampleMainController.swift */; };
		B2224D3B1D6D504F00EA3F5F /* ExampleNaviController.swift in Sources */ = {isa = PBXBuildFile; fileRef = B2224D291D6D504F00EA3F5F /* ExampleNaviController.swift */; };
		B2224D3C1D6D504F00EA3F5F /* ExampleDiyController.swift in Sources */ = {isa = PBXBuildFile; fileRef = B2224D2B1D6D504F00EA3F5F /* ExampleDiyController.swift */; };
		B2224D3D1D6D504F00EA3F5F /* ExampleDiyDetailController.swift in Sources */ = {isa = PBXBuildFile; fileRef = B2224D2C1D6D504F00EA3F5F /* ExampleDiyDetailController.swift */; };
		B2224D3E1D6D504F00EA3F5F /* ExampleDiyNDetailController.swift in Sources */ = {isa = PBXBuildFile; fileRef = B2224D2D1D6D504F00EA3F5F /* ExampleDiyNDetailController.swift */; };
		B2224D3F1D6D504F00EA3F5F /* ExampleRegularController.swift in Sources */ = {isa = PBXBuildFile; fileRef = B2224D2E1D6D504F00EA3F5F /* ExampleRegularController.swift */; };
		B2224D401D6D504F00EA3F5F /* ExampleRegularDetailController.swift in Sources */ = {isa = PBXBuildFile; fileRef = B2224D2F1D6D504F00EA3F5F /* ExampleRegularDetailController.swift */; };
		B274ECBD1D581BC400EEB906 /* Main.storyboard in Resources */ = {isa = PBXBuildFile; fileRef = B274ECBB1D581BC400EEB906 /* Main.storyboard */; };
		B274ECC01D581BC400EEB906 /* JHB_HUDViewExample.xcdatamodeld in Sources */ = {isa = PBXBuildFile; fileRef = B274ECBE1D581BC400EEB906 /* JHB_HUDViewExample.xcdatamodeld */; };
		B274ECC21D581BC400EEB906 /* Assets.xcassets in Resources */ = {isa = PBXBuildFile; fileRef = B274ECC11D581BC400EEB906 /* Assets.xcassets */; };
		B274ECC51D581BC400EEB906 /* LaunchScreen.storyboard in Resources */ = {isa = PBXBuildFile; fileRef = B274ECC31D581BC400EEB906 /* LaunchScreen.storyboard */; };
/* End PBXBuildFile section */

/* Begin PBXFileReference section */
		B2224D101D6D502B00EA3F5F /* JHB_HUDDiyManager.swift */ = {isa = PBXFileReference; fileEncoding = 4; lastKnownFileType = sourcecode.swift; path = JHB_HUDDiyManager.swift; sourceTree = "<group>"; };
		B2224D111D6D502B00EA3F5F /* JHB_HUDDiyProgressView.swift */ = {isa = PBXFileReference; fileEncoding = 4; lastKnownFileType = sourcecode.swift; path = JHB_HUDDiyProgressView.swift; sourceTree = "<group>"; };
		B2224D121D6D502B00EA3F5F /* JHB_HUDManager.swift */ = {isa = PBXFileReference; fileEncoding = 4; lastKnownFileType = sourcecode.swift; path = JHB_HUDManager.swift; sourceTree = "<group>"; };
		B2224D131D6D502B00EA3F5F /* JHB_HUDProgressView.swift */ = {isa = PBXFileReference; fileEncoding = 4; lastKnownFileType = sourcecode.swift; path = JHB_HUDProgressView.swift; sourceTree = "<group>"; };
		B2224D141D6D502B00EA3F5F /* JHB_HUDTopViewController.swift */ = {isa = PBXFileReference; fileEncoding = 4; lastKnownFileType = sourcecode.swift; path = JHB_HUDTopViewController.swift; sourceTree = "<group>"; };
		B2224D151D6D502B00EA3F5F /* JHB_HUDView.swift */ = {isa = PBXFileReference; fileEncoding = 4; lastKnownFileType = sourcecode.swift; path = JHB_HUDView.swift; sourceTree = "<group>"; };
		B2224D1D1D6D504F00EA3F5F /* dropdown_anim_loading1@2x.png */ = {isa = PBXFileReference; lastKnownFileType = image.png; path = "dropdown_anim_loading1@2x.png"; sourceTree = "<group>"; };
		B2224D1E1D6D504F00EA3F5F /* dropdown_anim_loading2@2x.png */ = {isa = PBXFileReference; lastKnownFileType = image.png; path = "dropdown_anim_loading2@2x.png"; sourceTree = "<group>"; };
		B2224D1F1D6D504F00EA3F5F /* dropdown_anim_loading3@2x.png */ = {isa = PBXFileReference; lastKnownFileType = image.png; path = "dropdown_anim_loading3@2x.png"; sourceTree = "<group>"; };
		B2224D201D6D504F00EA3F5F /* dropdown_anim_loading4@2x.png */ = {isa = PBXFileReference; lastKnownFileType = image.png; path = "dropdown_anim_loading4@2x.png"; sourceTree = "<group>"; };
		B2224D211D6D504F00EA3F5F /* dropdown_anim_loading5@2x.png */ = {isa = PBXFileReference; lastKnownFileType = image.png; path = "dropdown_anim_loading5@2x.png"; sourceTree = "<group>"; };
		B2224D221D6D504F00EA3F5F /* dropdown_anim_loading6@2x.png */ = {isa = PBXFileReference; lastKnownFileType = image.png; path = "dropdown_anim_loading6@2x.png"; sourceTree = "<group>"; };
		B2224D231D6D504F00EA3F5F /* dropdown_anim_loading7@2x.png */ = {isa = PBXFileReference; lastKnownFileType = image.png; path = "dropdown_anim_loading7@2x.png"; sourceTree = "<group>"; };
		B2224D241D6D504F00EA3F5F /* dropdown_anim_loading8@2x.png */ = {isa = PBXFileReference; lastKnownFileType = image.png; path = "dropdown_anim_loading8@2x.png"; sourceTree = "<group>"; };
		B2224D251D6D504F00EA3F5F /* TaiChi@2x.png */ = {isa = PBXFileReference; lastKnownFileType = image.png; path = "TaiChi@2x.png"; sourceTree = "<group>"; };
		B2224D271D6D504F00EA3F5F /* ExampleAppDelegate.swift */ = {isa = PBXFileReference; fileEncoding = 4; lastKnownFileType = sourcecode.swift; path = ExampleAppDelegate.swift; sourceTree = "<group>"; };
		B2224D281D6D504F00EA3F5F /* ExampleMainController.swift */ = {isa = PBXFileReference; fileEncoding = 4; lastKnownFileType = sourcecode.swift; path = ExampleMainController.swift; sourceTree = "<group>"; };
		B2224D291D6D504F00EA3F5F /* ExampleNaviController.swift */ = {isa = PBXFileReference; fileEncoding = 4; lastKnownFileType = sourcecode.swift; path = ExampleNaviController.swift; sourceTree = "<group>"; };
		B2224D2B1D6D504F00EA3F5F /* ExampleDiyController.swift */ = {isa = PBXFileReference; fileEncoding = 4; lastKnownFileType = sourcecode.swift; path = ExampleDiyController.swift; sourceTree = "<group>"; };
		B2224D2C1D6D504F00EA3F5F /* ExampleDiyDetailController.swift */ = {isa = PBXFileReference; fileEncoding = 4; lastKnownFileType = sourcecode.swift; path = ExampleDiyDetailController.swift; sourceTree = "<group>"; };
		B2224D2D1D6D504F00EA3F5F /* ExampleDiyNDetailController.swift */ = {isa = PBXFileReference; fileEncoding = 4; lastKnownFileType = sourcecode.swift; path = ExampleDiyNDetailController.swift; sourceTree = "<group>"; };
		B2224D2E1D6D504F00EA3F5F /* ExampleRegularController.swift */ = {isa = PBXFileReference; fileEncoding = 4; lastKnownFileType = sourcecode.swift; path = ExampleRegularController.swift; sourceTree = "<group>"; };
		B2224D2F1D6D504F00EA3F5F /* ExampleRegularDetailController.swift */ = {isa = PBXFileReference; fileEncoding = 4; lastKnownFileType = sourcecode.swift; path = ExampleRegularDetailController.swift; sourceTree = "<group>"; };
		B274ECB41D581BC400EEB906 /* JHB_HUDViewExample.app */ = {isa = PBXFileReference; explicitFileType = wrapper.application; includeInIndex = 0; path = JHB_HUDViewExample.app; sourceTree = BUILT_PRODUCTS_DIR; };
		B274ECBC1D581BC400EEB906 /* Base */ = {isa = PBXFileReference; lastKnownFileType = file.storyboard; name = Base; path = Base.lproj/Main.storyboard; sourceTree = "<group>"; };
		B274ECBF1D581BC400EEB906 /* JHB_HUDViewExample.xcdatamodel */ = {isa = PBXFileReference; lastKnownFileType = wrapper.xcdatamodel; path = JHB_HUDViewExample.xcdatamodel; sourceTree = "<group>"; };
		B274ECC11D581BC400EEB906 /* Assets.xcassets */ = {isa = PBXFileReference; lastKnownFileType = folder.assetcatalog; path = Assets.xcassets; sourceTree = "<group>"; };
		B274ECC41D581BC400EEB906 /* Base */ = {isa = PBXFileReference; lastKnownFileType = file.storyboard; name = Base; path = Base.lproj/LaunchScreen.storyboard; sourceTree = "<group>"; };
		B274ECC61D581BC400EEB906 /* Info.plist */ = {isa = PBXFileReference; lastKnownFileType = text.plist.xml; path = Info.plist; sourceTree = "<group>"; };
/* End PBXFileReference section */

/* Begin PBXFrameworksBuildPhase section */
		B274ECB11D581BC400EEB906 /* Frameworks */ = {
			isa = PBXFrameworksBuildPhase;
			buildActionMask = 2147483647;
			files = (
			);
			runOnlyForDeploymentPostprocessing = 0;
		};
/* End PBXFrameworksBuildPhase section */

/* Begin PBXGroup section */
		B2224D0F1D6D502B00EA3F5F /* JHB_HUDView */ = {
			isa = PBXGroup;
			children = (
				B2224D101D6D502B00EA3F5F /* JHB_HUDDiyManager.swift */,
				B2224D111D6D502B00EA3F5F /* JHB_HUDDiyProgressView.swift */,
				B2224D121D6D502B00EA3F5F /* JHB_HUDManager.swift */,
				B2224D131D6D502B00EA3F5F /* JHB_HUDProgressView.swift */,
				B2224D141D6D502B00EA3F5F /* JHB_HUDTopViewController.swift */,
				B2224D151D6D502B00EA3F5F /* JHB_HUDView.swift */,
			);
			path = JHB_HUDView;
			sourceTree = "<group>";
		};
		B2224D1C1D6D504F00EA3F5F /* dropdown_anim_loading */ = {
			isa = PBXGroup;
			children = (
				B2224D1D1D6D504F00EA3F5F /* dropdown_anim_loading1@2x.png */,
				B2224D1E1D6D504F00EA3F5F /* dropdown_anim_loading2@2x.png */,
				B2224D1F1D6D504F00EA3F5F /* dropdown_anim_loading3@2x.png */,
				B2224D201D6D504F00EA3F5F /* dropdown_anim_loading4@2x.png */,
				B2224D211D6D504F00EA3F5F /* dropdown_anim_loading5@2x.png */,
				B2224D221D6D504F00EA3F5F /* dropdown_anim_loading6@2x.png */,
				B2224D231D6D504F00EA3F5F /* dropdown_anim_loading7@2x.png */,
				B2224D241D6D504F00EA3F5F /* dropdown_anim_loading8@2x.png */,
				B2224D251D6D504F00EA3F5F /* TaiChi@2x.png */,
			);
			path = dropdown_anim_loading;
			sourceTree = "<group>";
		};
		B2224D261D6D504F00EA3F5F /* ExampleMainPart */ = {
			isa = PBXGroup;
			children = (
				B2224D271D6D504F00EA3F5F /* ExampleAppDelegate.swift */,
				B2224D281D6D504F00EA3F5F /* ExampleMainController.swift */,
				B2224D291D6D504F00EA3F5F /* ExampleNaviController.swift */,
			);
			path = ExampleMainPart;
			sourceTree = "<group>";
		};
		B2224D2A1D6D504F00EA3F5F /* ExampleTwoPart */ = {
			isa = PBXGroup;
			children = (
				B2224D2B1D6D504F00EA3F5F /* ExampleDiyController.swift */,
				B2224D2C1D6D504F00EA3F5F /* ExampleDiyDetailController.swift */,
				B2224D2D1D6D504F00EA3F5F /* ExampleDiyNDetailController.swift */,
				B2224D2E1D6D504F00EA3F5F /* ExampleRegularController.swift */,
				B2224D2F1D6D504F00EA3F5F /* ExampleRegularDetailController.swift */,
			);
			path = ExampleTwoPart;
			sourceTree = "<group>";
		};
		B274ECAB1D581BC400EEB906 = {
			isa = PBXGroup;
			children = (
				B2224D0F1D6D502B00EA3F5F /* JHB_HUDView */,
				B274ECB61D581BC400EEB906 /* JHB_HUDViewExample */,
				B274ECB51D581BC400EEB906 /* Products */,
			);
			sourceTree = "<group>";
		};
		B274ECB51D581BC400EEB906 /* Products */ = {
			isa = PBXGroup;
			children = (
				B274ECB41D581BC400EEB906 /* JHB_HUDViewExample.app */,
			);
			name = Products;
			sourceTree = "<group>";
		};
		B274ECB61D581BC400EEB906 /* JHB_HUDViewExample */ = {
			isa = PBXGroup;
			children = (
				B2224D1C1D6D504F00EA3F5F /* dropdown_anim_loading */,
				B2224D261D6D504F00EA3F5F /* ExampleMainPart */,
				B2224D2A1D6D504F00EA3F5F /* ExampleTwoPart */,
				B274ECBB1D581BC400EEB906 /* Main.storyboard */,
				B274ECC11D581BC400EEB906 /* Assets.xcassets */,
				B274ECC31D581BC400EEB906 /* LaunchScreen.storyboard */,
				B274ECC61D581BC400EEB906 /* Info.plist */,
				B274ECBE1D581BC400EEB906 /* JHB_HUDViewExample.xcdatamodeld */,
			);
			path = JHB_HUDViewExample;
			sourceTree = "<group>";
		};
/* End PBXGroup section */

/* Begin PBXNativeTarget section */
		B274ECB31D581BC400EEB906 /* JHB_HUDViewExample */ = {
			isa = PBXNativeTarget;
			buildConfigurationList = B274ECC91D581BC400EEB906 /* Build configuration list for PBXNativeTarget "JHB_HUDViewExample" */;
			buildPhases = (
				B274ECB01D581BC400EEB906 /* Sources */,
				B274ECB11D581BC400EEB906 /* Frameworks */,
				B274ECB21D581BC400EEB906 /* Resources */,
			);
			buildRules = (
			);
			dependencies = (
			);
			name = JHB_HUDViewExample;
			productName = JHB_HUDViewExample;
			productReference = B274ECB41D581BC400EEB906 /* JHB_HUDViewExample.app */;
			productType = "com.apple.product-type.application";
		};
/* End PBXNativeTarget section */

/* Begin PBXProject section */
		B274ECAC1D581BC400EEB906 /* Project object */ = {
			isa = PBXProject;
			attributes = {
				LastSwiftUpdateCheck = 0730;
				LastUpgradeCheck = 0730;
				ORGANIZATIONNAME = bruce;
				TargetAttributes = {
					B274ECB31D581BC400EEB906 = {
						CreatedOnToolsVersion = 7.3;
					};
				};
			};
			buildConfigurationList = B274ECAF1D581BC400EEB906 /* Build configuration list for PBXProject "JHB_HUDViewExample" */;
			compatibilityVersion = "Xcode 3.2";
			developmentRegion = English;
			hasScannedForEncodings = 0;
			knownRegions = (
				en,
				Base,
			);
			mainGroup = B274ECAB1D581BC400EEB906;
			productRefGroup = B274ECB51D581BC400EEB906 /* Products */;
			projectDirPath = "";
			projectRoot = "";
			targets = (
				B274ECB31D581BC400EEB906 /* JHB_HUDViewExample */,
			);
		};
/* End PBXProject section */

/* Begin PBXResourcesBuildPhase section */
		B274ECB21D581BC400EEB906 /* Resources */ = {
			isa = PBXResourcesBuildPhase;
			buildActionMask = 2147483647;
			files = (
				B2224D311D6D504F00EA3F5F /* dropdown_anim_loading2@2x.png in Resources */,
				B2224D351D6D504F00EA3F5F /* dropdown_anim_loading6@2x.png in Resources */,
				B274ECC51D581BC400EEB906 /* LaunchScreen.storyboard in Resources */,
				B2224D361D6D504F00EA3F5F /* dropdown_anim_loading7@2x.png in Resources */,
				B2224D331D6D504F00EA3F5F /* dropdown_anim_loading4@2x.png in Resources */,
				B2224D301D6D504F00EA3F5F /* dropdown_anim_loading1@2x.png in Resources */,
				B274ECC21D581BC400EEB906 /* Assets.xcassets in Resources */,
				B2224D341D6D504F00EA3F5F /* dropdown_anim_loading5@2x.png in Resources */,
				B2224D381D6D504F00EA3F5F /* TaiChi@2x.png in Resources */,
				B274ECBD1D581BC400EEB906 /* Main.storyboard in Resources */,
				B2224D371D6D504F00EA3F5F /* dropdown_anim_loading8@2x.png in Resources */,
				B2224D321D6D504F00EA3F5F /* dropdown_anim_loading3@2x.png in Resources */,
			);
			runOnlyForDeploymentPostprocessing = 0;
		};
/* End PBXResourcesBuildPhase section */

/* Begin PBXSourcesBuildPhase section */
		B274ECB01D581BC400EEB906 /* Sources */ = {
			isa = PBXSourcesBuildPhase;
			buildActionMask = 2147483647;
			files = (
				B2224D3B1D6D504F00EA3F5F /* ExampleNaviController.swift in Sources */,
				B2224D3A1D6D504F00EA3F5F /* ExampleMainController.swift in Sources */,
				B2224D171D6D502B00EA3F5F /* JHB_HUDDiyProgressView.swift in Sources */,
				B274ECC01D581BC400EEB906 /* JHB_HUDViewExample.xcdatamodeld in Sources */,
				B2224D3C1D6D504F00EA3F5F /* ExampleDiyController.swift in Sources */,
				B2224D1B1D6D502B00EA3F5F /* JHB_HUDView.swift in Sources */,
				B2224D391D6D504F00EA3F5F /* ExampleAppDelegate.swift in Sources */,
				B2224D3F1D6D504F00EA3F5F /* ExampleRegularController.swift in Sources */,
				B2224D181D6D502B00EA3F5F /* JHB_HUDManager.swift in Sources */,
				B2224D401D6D504F00EA3F5F /* ExampleRegularDetailController.swift in Sources */,
				B2224D3D1D6D504F00EA3F5F /* ExampleDiyDetailController.swift in Sources */,
				B2224D191D6D502B00EA3F5F /* JHB_HUDProgressView.swift in Sources */,
				B2224D3E1D6D504F00EA3F5F /* ExampleDiyNDetailController.swift in Sources */,
				B2224D161D6D502B00EA3F5F /* JHB_HUDDiyManager.swift in Sources */,
				B2224D1A1D6D502B00EA3F5F /* JHB_HUDTopViewController.swift in Sources */,
			);
			runOnlyForDeploymentPostprocessing = 0;
		};
/* End PBXSourcesBuildPhase section */

/* Begin PBXVariantGroup section */
		B274ECBB1D581BC400EEB906 /* Main.storyboard */ = {
			isa = PBXVariantGroup;
			children = (
				B274ECBC1D581BC400EEB906 /* Base */,
			);
			name = Main.storyboard;
			sourceTree = "<group>";
		};
		B274ECC31D581BC400EEB906 /* LaunchScreen.storyboard */ = {
			isa = PBXVariantGroup;
			children = (
				B274ECC41D581BC400EEB906 /* Base */,
			);
			name = LaunchScreen.storyboard;
			sourceTree = "<group>";
		};
/* End PBXVariantGroup section */

/* Begin XCBuildConfiguration section */
		B274ECC71D581BC400EEB906 /* Debug */ = {
			isa = XCBuildConfiguration;
			buildSettings = {
				ALWAYS_SEARCH_USER_PATHS = NO;
				CLANG_ANALYZER_NONNULL = YES;
				CLANG_CXX_LANGUAGE_STANDARD = "gnu++0x";
				CLANG_CXX_LIBRARY = "libc++";
				CLANG_ENABLE_MODULES = YES;
				CLANG_ENABLE_OBJC_ARC = YES;
				CLANG_WARN_BOOL_CONVERSION = YES;
				CLANG_WARN_CONSTANT_CONVERSION = YES;
				CLANG_WARN_DIRECT_OBJC_ISA_USAGE = YES_ERROR;
				CLANG_WARN_EMPTY_BODY = YES;
				CLANG_WARN_ENUM_CONVERSION = YES;
				CLANG_WARN_INT_CONVERSION = YES;
				CLANG_WARN_OBJC_ROOT_CLASS = YES_ERROR;
				CLANG_WARN_UNREACHABLE_CODE = YES;
				CLANG_WARN__DUPLICATE_METHOD_MATCH = YES;
				"CODE_SIGN_IDENTITY[sdk=iphoneos*]" = "iPhone Developer";
				COPY_PHASE_STRIP = NO;
				DEBUG_INFORMATION_FORMAT = dwarf;
				ENABLE_STRICT_OBJC_MSGSEND = YES;
				ENABLE_TESTABILITY = YES;
				GCC_C_LANGUAGE_STANDARD = gnu99;
				GCC_DYNAMIC_NO_PIC = NO;
				GCC_NO_COMMON_BLOCKS = YES;
				GCC_OPTIMIZATION_LEVEL = 0;
				GCC_PREPROCESSOR_DEFINITIONS = (
					"DEBUG=1",
					"$(inherited)",
				);
				GCC_WARN_64_TO_32_BIT_CONVERSION = YES;
				GCC_WARN_ABOUT_RETURN_TYPE = YES_ERROR;
				GCC_WARN_UNDECLARED_SELECTOR = YES;
				GCC_WARN_UNINITIALIZED_AUTOS = YES_AGGRESSIVE;
				GCC_WARN_UNUSED_FUNCTION = YES;
				GCC_WARN_UNUSED_VARIABLE = YES;
				IPHONEOS_DEPLOYMENT_TARGET = 9.3;
				MTL_ENABLE_DEBUG_INFO = YES;
				ONLY_ACTIVE_ARCH = YES;
				SDKROOT = iphoneos;
				SWIFT_OPTIMIZATION_LEVEL = "-Onone";
				TARGETED_DEVICE_FAMILY = "1,2";
			};
			name = Debug;
		};
		B274ECC81D581BC400EEB906 /* Release */ = {
			isa = XCBuildConfiguration;
			buildSettings = {
				ALWAYS_SEARCH_USER_PATHS = NO;
				CLANG_ANALYZER_NONNULL = YES;
				CLANG_CXX_LANGUAGE_STANDARD = "gnu++0x";
				CLANG_CXX_LIBRARY = "libc++";
				CLANG_ENABLE_MODULES = YES;
				CLANG_ENABLE_OBJC_ARC = YES;
				CLANG_WARN_BOOL_CONVERSION = YES;
				CLANG_WARN_CONSTANT_CONVERSION = YES;
				CLANG_WARN_DIRECT_OBJC_ISA_USAGE = YES_ERROR;
				CLANG_WARN_EMPTY_BODY = YES;
				CLANG_WARN_ENUM_CONVERSION = YES;
				CLANG_WARN_INT_CONVERSION = YES;
				CLANG_WARN_OBJC_ROOT_CLASS = YES_ERROR;
				CLANG_WARN_UNREACHABLE_CODE = YES;
				CLANG_WARN__DUPLICATE_METHOD_MATCH = YES;
				"CODE_SIGN_IDENTITY[sdk=iphoneos*]" = "iPhone Developer";
				COPY_PHASE_STRIP = NO;
				DEBUG_INFORMATION_FORMAT = "dwarf-with-dsym";
				ENABLE_NS_ASSERTIONS = NO;
				ENABLE_STRICT_OBJC_MSGSEND = YES;
				GCC_C_LANGUAGE_STANDARD = gnu99;
				GCC_NO_COMMON_BLOCKS = YES;
				GCC_WARN_64_TO_32_BIT_CONVERSION = YES;
				GCC_WARN_ABOUT_RETURN_TYPE = YES_ERROR;
				GCC_WARN_UNDECLARED_SELECTOR = YES;
				GCC_WARN_UNINITIALIZED_AUTOS = YES_AGGRESSIVE;
				GCC_WARN_UNUSED_FUNCTION = YES;
				GCC_WARN_UNUSED_VARIABLE = YES;
				IPHONEOS_DEPLOYMENT_TARGET = 9.3;
				MTL_ENABLE_DEBUG_INFO = NO;
				SDKROOT = iphoneos;
				TARGETED_DEVICE_FAMILY = "1,2";
				VALIDATE_PRODUCT = YES;
			};
			name = Release;
		};
		B274ECCA1D581BC400EEB906 /* Debug */ = {
			isa = XCBuildConfiguration;
			buildSettings = {
				ASSETCATALOG_COMPILER_APPICON_NAME = AppIcon;
				INFOPLIST_FILE = JHB_HUDViewExample/Info.plist;
				IPHONEOS_DEPLOYMENT_TARGET = 8.2;
				LD_RUNPATH_SEARCH_PATHS = "$(inherited) @executable_path/Frameworks";
				PRODUCT_BUNDLE_IDENTIFIER = "JHB.JHB-HUDViewExample";
				PRODUCT_NAME = "$(TARGET_NAME)";
			};
			name = Debug;
		};
		B274ECCB1D581BC400EEB906 /* Release */ = {
			isa = XCBuildConfiguration;
			buildSettings = {
				ASSETCATALOG_COMPILER_APPICON_NAME = AppIcon;
				INFOPLIST_FILE = JHB_HUDViewExample/Info.plist;
				IPHONEOS_DEPLOYMENT_TARGET = 8.2;
				LD_RUNPATH_SEARCH_PATHS = "$(inherited) @executable_path/Frameworks";
				PRODUCT_BUNDLE_IDENTIFIER = "JHB.JHB-HUDViewExample";
				PRODUCT_NAME = "$(TARGET_NAME)";
			};
			name = Release;
		};
/* End XCBuildConfiguration section */

/* Begin XCConfigurationList section */
		B274ECAF1D581BC400EEB906 /* Build configuration list for PBXProject "JHB_HUDViewExample" */ = {
			isa = XCConfigurationList;
			buildConfigurations = (
				B274ECC71D581BC400EEB906 /* Debug */,
				B274ECC81D581BC400EEB906 /* Release */,
			);
			defaultConfigurationIsVisible = 0;
			defaultConfigurationName = Release;
		};
		B274ECC91D581BC400EEB906 /* Build configuration list for PBXNativeTarget "JHB_HUDViewExample" */ = {
			isa = XCConfigurationList;
			buildConfigurations = (
				B274ECCA1D581BC400EEB906 /* Debug */,
				B274ECCB1D581BC400EEB906 /* Release */,
			);
			defaultConfigurationIsVisible = 0;
			defaultConfigurationName = Release;
		};
/* End XCConfigurationList section */

/* Begin XCVersionGroup section */
		B274ECBE1D581BC400EEB906 /* JHB_HUDViewExample.xcdatamodeld */ = {
			isa = XCVersionGroup;
			children = (
				B274ECBF1D581BC400EEB906 /* JHB_HUDViewExample.xcdatamodel */,
			);
			currentVersion = B274ECBF1D581BC400EEB906 /* JHB_HUDViewExample.xcdatamodel */;
			path = JHB_HUDViewExample.xcdatamodeld;
			sourceTree = "<group>";
			versionGroupType = wrapper.xcdatamodel;
		};
/* End XCVersionGroup section */
	};
	rootObject = B274ECAC1D581BC400EEB906 /* Project object */;
}
